// !$*UTF8*$!
{
	archiveVersion = 1;
	classes = {
	};
	objectVersion = 56;
	objects = {

/* Begin PBXBuildFile section */
		5FAE56F32C25D833008ECA69 /* TodoAppApp.swift in Sources */ = {isa = PBXBuildFile; fileRef = 5FAE56F22C25D833008ECA69 /* TodoAppApp.swift */; };
		5FAE56F52C25D833008ECA69 /* ContentView.swift in Sources */ = {isa = PBXBuildFile; fileRef = 5FAE56F42C25D833008ECA69 /* ContentView.swift */; };
		5FAE56F72C25D834008ECA69 /* Assets.xcassets in Resources */ = {isa = PBXBuildFile; fileRef = 5FAE56F62C25D834008ECA69 /* Assets.xcassets */; };
		5FAE56FA2C25D834008ECA69 /* Preview Assets.xcassets in Resources */ = {isa = PBXBuildFile; fileRef = 5FAE56F92C25D834008ECA69 /* Preview Assets.xcassets */; };
		5FAE57252C25D9BC008ECA69 /* FileManagerService.swift in Sources */ = {isa = PBXBuildFile; fileRef = 5FAE57242C25D9BC008ECA69 /* FileManagerService.swift */; };
		5FAE57272C25D9C3008ECA69 /* FileCache.swift in Sources */ = {isa = PBXBuildFile; fileRef = 5FAE57262C25D9C3008ECA69 /* FileCache.swift */; };
		5FAE57292C25D9D0008ECA69 /* TodoImportance.swift in Sources */ = {isa = PBXBuildFile; fileRef = 5FAE57282C25D9D0008ECA69 /* TodoImportance.swift */; };
		5FAE572B2C25D9D6008ECA69 /* TodoItem+Extension.swift in Sources */ = {isa = PBXBuildFile; fileRef = 5FAE572A2C25D9D6008ECA69 /* TodoItem+Extension.swift */; };
		5FAE572D2C25D9DD008ECA69 /* String+Extension.swift in Sources */ = {isa = PBXBuildFile; fileRef = 5FAE572C2C25D9DD008ECA69 /* String+Extension.swift */; };
		5FAE572F2C25D9E2008ECA69 /* Date+Extension.swift in Sources */ = {isa = PBXBuildFile; fileRef = 5FAE572E2C25D9E2008ECA69 /* Date+Extension.swift */; };
		5FAE57312C25D9F1008ECA69 /* TodoItem.swift in Sources */ = {isa = PBXBuildFile; fileRef = 5FAE57302C25D9F1008ECA69 /* TodoItem.swift */; };
		5FCE53412C26252F005187A4 /* ConvertToJSONTests.swift in Sources */ = {isa = PBXBuildFile; fileRef = 5FCE53402C26252F005187A4 /* ConvertToJSONTests.swift */; };
		5FCE53432C26258B005187A4 /* ParsingFromJSONTests.swift in Sources */ = {isa = PBXBuildFile; fileRef = 5FCE53422C26258B005187A4 /* ParsingFromJSONTests.swift */; };
		5FCE53452C2625B8005187A4 /* ConvertToCSVTests.swift in Sources */ = {isa = PBXBuildFile; fileRef = 5FCE53442C2625B8005187A4 /* ConvertToCSVTests.swift */; };
		5FCE53472C2625D9005187A4 /* ParsingFromCSVTests.swift in Sources */ = {isa = PBXBuildFile; fileRef = 5FCE53462C2625D9005187A4 /* ParsingFromCSVTests.swift */; };
/* End PBXBuildFile section */

/* Begin PBXContainerItemProxy section */
		5FAE57002C25D835008ECA69 /* PBXContainerItemProxy */ = {
			isa = PBXContainerItemProxy;
			containerPortal = 5FAE56E72C25D833008ECA69 /* Project object */;
			proxyType = 1;
			remoteGlobalIDString = 5FAE56EE2C25D833008ECA69;
			remoteInfo = TodoApp;
		};
		5FAE570A2C25D835008ECA69 /* PBXContainerItemProxy */ = {
			isa = PBXContainerItemProxy;
			containerPortal = 5FAE56E72C25D833008ECA69 /* Project object */;
			proxyType = 1;
			remoteGlobalIDString = 5FAE56EE2C25D833008ECA69;
			remoteInfo = TodoApp;
		};
/* End PBXContainerItemProxy section */

/* Begin PBXFileReference section */
		5FAE56EF2C25D833008ECA69 /* TodoApp.app */ = {isa = PBXFileReference; explicitFileType = wrapper.application; includeInIndex = 0; path = TodoApp.app; sourceTree = BUILT_PRODUCTS_DIR; };
		5FAE56F22C25D833008ECA69 /* TodoAppApp.swift */ = {isa = PBXFileReference; lastKnownFileType = sourcecode.swift; path = TodoAppApp.swift; sourceTree = "<group>"; };
		5FAE56F42C25D833008ECA69 /* ContentView.swift */ = {isa = PBXFileReference; lastKnownFileType = sourcecode.swift; path = ContentView.swift; sourceTree = "<group>"; };
		5FAE56F62C25D834008ECA69 /* Assets.xcassets */ = {isa = PBXFileReference; lastKnownFileType = folder.assetcatalog; path = Assets.xcassets; sourceTree = "<group>"; };
		5FAE56F92C25D834008ECA69 /* Preview Assets.xcassets */ = {isa = PBXFileReference; lastKnownFileType = folder.assetcatalog; path = "Preview Assets.xcassets"; sourceTree = "<group>"; };
		5FAE56FF2C25D835008ECA69 /* TodoAppTests.xctest */ = {isa = PBXFileReference; explicitFileType = wrapper.cfbundle; includeInIndex = 0; path = TodoAppTests.xctest; sourceTree = BUILT_PRODUCTS_DIR; };
		5FAE57092C25D835008ECA69 /* TodoAppUITests.xctest */ = {isa = PBXFileReference; explicitFileType = wrapper.cfbundle; includeInIndex = 0; path = TodoAppUITests.xctest; sourceTree = BUILT_PRODUCTS_DIR; };
		5FAE57242C25D9BC008ECA69 /* FileManagerService.swift */ = {isa = PBXFileReference; fileEncoding = 4; lastKnownFileType = sourcecode.swift; path = FileManagerService.swift; sourceTree = "<group>"; };
		5FAE57262C25D9C3008ECA69 /* FileCache.swift */ = {isa = PBXFileReference; fileEncoding = 4; lastKnownFileType = sourcecode.swift; path = FileCache.swift; sourceTree = "<group>"; };
		5FAE57282C25D9D0008ECA69 /* TodoImportance.swift */ = {isa = PBXFileReference; fileEncoding = 4; lastKnownFileType = sourcecode.swift; path = TodoImportance.swift; sourceTree = "<group>"; };
		5FAE572A2C25D9D6008ECA69 /* TodoItem+Extension.swift */ = {isa = PBXFileReference; fileEncoding = 4; lastKnownFileType = sourcecode.swift; path = "TodoItem+Extension.swift"; sourceTree = "<group>"; };
		5FAE572C2C25D9DD008ECA69 /* String+Extension.swift */ = {isa = PBXFileReference; fileEncoding = 4; lastKnownFileType = sourcecode.swift; path = "String+Extension.swift"; sourceTree = "<group>"; };
		5FAE572E2C25D9E2008ECA69 /* Date+Extension.swift */ = {isa = PBXFileReference; fileEncoding = 4; lastKnownFileType = sourcecode.swift; path = "Date+Extension.swift"; sourceTree = "<group>"; };
		5FAE57302C25D9F1008ECA69 /* TodoItem.swift */ = {isa = PBXFileReference; fileEncoding = 4; lastKnownFileType = sourcecode.swift; path = TodoItem.swift; sourceTree = "<group>"; };
		5FCE53402C26252F005187A4 /* ConvertToJSONTests.swift */ = {isa = PBXFileReference; lastKnownFileType = sourcecode.swift; path = ConvertToJSONTests.swift; sourceTree = "<group>"; };
		5FCE53422C26258B005187A4 /* ParsingFromJSONTests.swift */ = {isa = PBXFileReference; lastKnownFileType = sourcecode.swift; path = ParsingFromJSONTests.swift; sourceTree = "<group>"; };
		5FCE53442C2625B8005187A4 /* ConvertToCSVTests.swift */ = {isa = PBXFileReference; lastKnownFileType = sourcecode.swift; path = ConvertToCSVTests.swift; sourceTree = "<group>"; };
		5FCE53462C2625D9005187A4 /* ParsingFromCSVTests.swift */ = {isa = PBXFileReference; lastKnownFileType = sourcecode.swift; path = ParsingFromCSVTests.swift; sourceTree = "<group>"; };
/* End PBXFileReference section */

/* Begin PBXFrameworksBuildPhase section */
		5FAE56EC2C25D833008ECA69 /* Frameworks */ = {
			isa = PBXFrameworksBuildPhase;
			buildActionMask = 2147483647;
			files = (
			);
			runOnlyForDeploymentPostprocessing = 0;
		};
		5FAE56FC2C25D835008ECA69 /* Frameworks */ = {
			isa = PBXFrameworksBuildPhase;
			buildActionMask = 2147483647;
			files = (
			);
			runOnlyForDeploymentPostprocessing = 0;
		};
		5FAE57062C25D835008ECA69 /* Frameworks */ = {
			isa = PBXFrameworksBuildPhase;
			buildActionMask = 2147483647;
			files = (
			);
			runOnlyForDeploymentPostprocessing = 0;
		};
/* End PBXFrameworksBuildPhase section */

/* Begin PBXGroup section */
		5FAE56E62C25D833008ECA69 = {
			isa = PBXGroup;
			children = (
				5FAE56F12C25D833008ECA69 /* TodoApp */,
				5FAE57022C25D835008ECA69 /* TodoAppTests */,
				5FAE56F02C25D833008ECA69 /* Products */,
			);
			sourceTree = "<group>";
		};
		5FAE56F02C25D833008ECA69 /* Products */ = {
			isa = PBXGroup;
			children = (
				5FAE56EF2C25D833008ECA69 /* TodoApp.app */,
				5FAE56FF2C25D835008ECA69 /* TodoAppTests.xctest */,
				5FAE57092C25D835008ECA69 /* TodoAppUITests.xctest */,
			);
			name = Products;
			sourceTree = "<group>";
		};
		5FAE56F12C25D833008ECA69 /* TodoApp */ = {
			isa = PBXGroup;
			children = (
				5FAE57232C25D9A8008ECA69 /* Root */,
				5FAE57222C25D9A2008ECA69 /* Models */,
				5FAE571F2C25D98E008ECA69 /* Extensions */,
				5FAE571E2C25D989008ECA69 /* Enums */,
				5FAE571D2C25D982008ECA69 /* Core */,
				5FAE571C2C25D97B008ECA69 /* Services */,
				5FAE56F62C25D834008ECA69 /* Assets.xcassets */,
				5FAE56F82C25D834008ECA69 /* Preview Content */,
			);
			path = TodoApp;
			sourceTree = "<group>";
		};
		5FAE56F82C25D834008ECA69 /* Preview Content */ = {
			isa = PBXGroup;
			children = (
				5FAE56F92C25D834008ECA69 /* Preview Assets.xcassets */,
			);
			path = "Preview Content";
			sourceTree = "<group>";
		};
		5FAE57022C25D835008ECA69 /* TodoAppTests */ = {
			isa = PBXGroup;
			children = (
				5FCE533F2C262476005187A4 /* TodoItemTests */,
			);
			path = TodoAppTests;
			sourceTree = "<group>";
		};
		5FAE571C2C25D97B008ECA69 /* Services */ = {
			isa = PBXGroup;
			children = (
				5FAE57242C25D9BC008ECA69 /* FileManagerService.swift */,
			);
			path = Services;
			sourceTree = "<group>";
		};
		5FAE571D2C25D982008ECA69 /* Core */ = {
			isa = PBXGroup;
			children = (
				5FAE57262C25D9C3008ECA69 /* FileCache.swift */,
			);
			path = Core;
			sourceTree = "<group>";
		};
		5FAE571E2C25D989008ECA69 /* Enums */ = {
			isa = PBXGroup;
			children = (
				5FAE57282C25D9D0008ECA69 /* TodoImportance.swift */,
			);
			path = Enums;
			sourceTree = "<group>";
		};
		5FAE571F2C25D98E008ECA69 /* Extensions */ = {
			isa = PBXGroup;
			children = (
				5FAE572A2C25D9D6008ECA69 /* TodoItem+Extension.swift */,
				5FAE572C2C25D9DD008ECA69 /* String+Extension.swift */,
				5FAE572E2C25D9E2008ECA69 /* Date+Extension.swift */,
			);
			path = Extensions;
			sourceTree = "<group>";
		};
		5FAE57222C25D9A2008ECA69 /* Models */ = {
			isa = PBXGroup;
			children = (
				5FAE57302C25D9F1008ECA69 /* TodoItem.swift */,
			);
			path = Models;
			sourceTree = "<group>";
		};
		5FAE57232C25D9A8008ECA69 /* Root */ = {
			isa = PBXGroup;
			children = (
				5FAE56F22C25D833008ECA69 /* TodoAppApp.swift */,
				5FAE56F42C25D833008ECA69 /* ContentView.swift */,
			);
			path = Root;
			sourceTree = "<group>";
		};
		5FCE533F2C262476005187A4 /* TodoItemTests */ = {
			isa = PBXGroup;
			children = (
				5FCE53402C26252F005187A4 /* ConvertToJSONTests.swift */,
				5FCE53422C26258B005187A4 /* ParsingFromJSONTests.swift */,
				5FCE53442C2625B8005187A4 /* ConvertToCSVTests.swift */,
				5FCE53462C2625D9005187A4 /* ParsingFromCSVTests.swift */,
			);
			path = TodoItemTests;
			sourceTree = "<group>";
		};
/* End PBXGroup section */

/* Begin PBXNativeTarget section */
		5FAE56EE2C25D833008ECA69 /* TodoApp */ = {
			isa = PBXNativeTarget;
			buildConfigurationList = 5FAE57132C25D835008ECA69 /* Build configuration list for PBXNativeTarget "TodoApp" */;
			buildPhases = (
				5FAE56EB2C25D833008ECA69 /* Sources */,
				5FAE56EC2C25D833008ECA69 /* Frameworks */,
				5FAE56ED2C25D833008ECA69 /* Resources */,
			);
			buildRules = (
			);
			dependencies = (
			);
			name = TodoApp;
			productName = TodoApp;
			productReference = 5FAE56EF2C25D833008ECA69 /* TodoApp.app */;
			productType = "com.apple.product-type.application";
		};
		5FAE56FE2C25D835008ECA69 /* TodoAppTests */ = {
			isa = PBXNativeTarget;
			buildConfigurationList = 5FAE57162C25D835008ECA69 /* Build configuration list for PBXNativeTarget "TodoAppTests" */;
			buildPhases = (
				5FAE56FB2C25D835008ECA69 /* Sources */,
				5FAE56FC2C25D835008ECA69 /* Frameworks */,
				5FAE56FD2C25D835008ECA69 /* Resources */,
			);
			buildRules = (
			);
			dependencies = (
				5FAE57012C25D835008ECA69 /* PBXTargetDependency */,
			);
			name = TodoAppTests;
			productName = TodoAppTests;
			productReference = 5FAE56FF2C25D835008ECA69 /* TodoAppTests.xctest */;
			productType = "com.apple.product-type.bundle.unit-test";
		};
		5FAE57082C25D835008ECA69 /* TodoAppUITests */ = {
			isa = PBXNativeTarget;
			buildConfigurationList = 5FAE57192C25D835008ECA69 /* Build configuration list for PBXNativeTarget "TodoAppUITests" */;
			buildPhases = (
				5FAE57052C25D835008ECA69 /* Sources */,
				5FAE57062C25D835008ECA69 /* Frameworks */,
				5FAE57072C25D835008ECA69 /* Resources */,
			);
			buildRules = (
			);
			dependencies = (
				5FAE570B2C25D835008ECA69 /* PBXTargetDependency */,
			);
			name = TodoAppUITests;
			productName = TodoAppUITests;
			productReference = 5FAE57092C25D835008ECA69 /* TodoAppUITests.xctest */;
			productType = "com.apple.product-type.bundle.ui-testing";
		};
/* End PBXNativeTarget section */

/* Begin PBXProject section */
		5FAE56E72C25D833008ECA69 /* Project object */ = {
			isa = PBXProject;
			attributes = {
				BuildIndependentTargetsInParallel = 1;
				LastSwiftUpdateCheck = 1500;
				LastUpgradeCheck = 1500;
				TargetAttributes = {
					5FAE56EE2C25D833008ECA69 = {
						CreatedOnToolsVersion = 15.0.1;
					};
					5FAE56FE2C25D835008ECA69 = {
						CreatedOnToolsVersion = 15.0.1;
						TestTargetID = 5FAE56EE2C25D833008ECA69;
					};
					5FAE57082C25D835008ECA69 = {
						CreatedOnToolsVersion = 15.0.1;
						TestTargetID = 5FAE56EE2C25D833008ECA69;
					};
				};
			};
			buildConfigurationList = 5FAE56EA2C25D833008ECA69 /* Build configuration list for PBXProject "TodoApp" */;
			compatibilityVersion = "Xcode 14.0";
			developmentRegion = en;
			hasScannedForEncodings = 0;
			knownRegions = (
				en,
				Base,
			);
			mainGroup = 5FAE56E62C25D833008ECA69;
			productRefGroup = 5FAE56F02C25D833008ECA69 /* Products */;
			projectDirPath = "";
			projectRoot = "";
			targets = (
				5FAE56EE2C25D833008ECA69 /* TodoApp */,
				5FAE56FE2C25D835008ECA69 /* TodoAppTests */,
				5FAE57082C25D835008ECA69 /* TodoAppUITests */,
			);
		};
/* End PBXProject section */

/* Begin PBXResourcesBuildPhase section */
		5FAE56ED2C25D833008ECA69 /* Resources */ = {
			isa = PBXResourcesBuildPhase;
			buildActionMask = 2147483647;
			files = (
				5FAE56FA2C25D834008ECA69 /* Preview Assets.xcassets in Resources */,
				5FAE56F72C25D834008ECA69 /* Assets.xcassets in Resources */,
			);
			runOnlyForDeploymentPostprocessing = 0;
		};
		5FAE56FD2C25D835008ECA69 /* Resources */ = {
			isa = PBXResourcesBuildPhase;
			buildActionMask = 2147483647;
			files = (
			);
			runOnlyForDeploymentPostprocessing = 0;
		};
		5FAE57072C25D835008ECA69 /* Resources */ = {
			isa = PBXResourcesBuildPhase;
			buildActionMask = 2147483647;
			files = (
			);
			runOnlyForDeploymentPostprocessing = 0;
		};
/* End PBXResourcesBuildPhase section */

/* Begin PBXSourcesBuildPhase section */
		5FAE56EB2C25D833008ECA69 /* Sources */ = {
			isa = PBXSourcesBuildPhase;
			buildActionMask = 2147483647;
			files = (
				5FAE572B2C25D9D6008ECA69 /* TodoItem+Extension.swift in Sources */,
				5FAE57312C25D9F1008ECA69 /* TodoItem.swift in Sources */,
				5FAE572D2C25D9DD008ECA69 /* String+Extension.swift in Sources */,
				5FAE56F52C25D833008ECA69 /* ContentView.swift in Sources */,
				5FAE56F32C25D833008ECA69 /* TodoAppApp.swift in Sources */,
				5FAE57272C25D9C3008ECA69 /* FileCache.swift in Sources */,
				5FAE572F2C25D9E2008ECA69 /* Date+Extension.swift in Sources */,
				5FAE57292C25D9D0008ECA69 /* TodoImportance.swift in Sources */,
				5FAE57252C25D9BC008ECA69 /* FileManagerService.swift in Sources */,
			);
			runOnlyForDeploymentPostprocessing = 0;
		};
		5FAE56FB2C25D835008ECA69 /* Sources */ = {
			isa = PBXSourcesBuildPhase;
			buildActionMask = 2147483647;
			files = (
				5FCE53412C26252F005187A4 /* ConvertToJSONTests.swift in Sources */,
				5FCE53452C2625B8005187A4 /* ConvertToCSVTests.swift in Sources */,
				5FCE53472C2625D9005187A4 /* ParsingFromCSVTests.swift in Sources */,
				5FCE53432C26258B005187A4 /* ParsingFromJSONTests.swift in Sources */,
			);
			runOnlyForDeploymentPostprocessing = 0;
		};
		5FAE57052C25D835008ECA69 /* Sources */ = {
			isa = PBXSourcesBuildPhase;
			buildActionMask = 2147483647;
			files = (
			);
			runOnlyForDeploymentPostprocessing = 0;
		};
/* End PBXSourcesBuildPhase section */

/* Begin PBXTargetDependency section */
		5FAE57012C25D835008ECA69 /* PBXTargetDependency */ = {
			isa = PBXTargetDependency;
			target = 5FAE56EE2C25D833008ECA69 /* TodoApp */;
			targetProxy = 5FAE57002C25D835008ECA69 /* PBXContainerItemProxy */;
		};
		5FAE570B2C25D835008ECA69 /* PBXTargetDependency */ = {
			isa = PBXTargetDependency;
			target = 5FAE56EE2C25D833008ECA69 /* TodoApp */;
			targetProxy = 5FAE570A2C25D835008ECA69 /* PBXContainerItemProxy */;
		};
/* End PBXTargetDependency section */

/* Begin XCBuildConfiguration section */
		5FAE57112C25D835008ECA69 /* Debug */ = {
			isa = XCBuildConfiguration;
			buildSettings = {
				ALWAYS_SEARCH_USER_PATHS = NO;
				ASSETCATALOG_COMPILER_GENERATE_SWIFT_ASSET_SYMBOL_EXTENSIONS = YES;
				CLANG_ANALYZER_NONNULL = YES;
				CLANG_ANALYZER_NUMBER_OBJECT_CONVERSION = YES_AGGRESSIVE;
				CLANG_CXX_LANGUAGE_STANDARD = "gnu++20";
				CLANG_ENABLE_MODULES = YES;
				CLANG_ENABLE_OBJC_ARC = YES;
				CLANG_ENABLE_OBJC_WEAK = YES;
				CLANG_WARN_BLOCK_CAPTURE_AUTORELEASING = YES;
				CLANG_WARN_BOOL_CONVERSION = YES;
				CLANG_WARN_COMMA = YES;
				CLANG_WARN_CONSTANT_CONVERSION = YES;
				CLANG_WARN_DEPRECATED_OBJC_IMPLEMENTATIONS = YES;
				CLANG_WARN_DIRECT_OBJC_ISA_USAGE = YES_ERROR;
				CLANG_WARN_DOCUMENTATION_COMMENTS = YES;
				CLANG_WARN_EMPTY_BODY = YES;
				CLANG_WARN_ENUM_CONVERSION = YES;
				CLANG_WARN_INFINITE_RECURSION = YES;
				CLANG_WARN_INT_CONVERSION = YES;
				CLANG_WARN_NON_LITERAL_NULL_CONVERSION = YES;
				CLANG_WARN_OBJC_IMPLICIT_RETAIN_SELF = YES;
				CLANG_WARN_OBJC_LITERAL_CONVERSION = YES;
				CLANG_WARN_OBJC_ROOT_CLASS = YES_ERROR;
				CLANG_WARN_QUOTED_INCLUDE_IN_FRAMEWORK_HEADER = YES;
				CLANG_WARN_RANGE_LOOP_ANALYSIS = YES;
				CLANG_WARN_STRICT_PROTOTYPES = YES;
				CLANG_WARN_SUSPICIOUS_MOVE = YES;
				CLANG_WARN_UNGUARDED_AVAILABILITY = YES_AGGRESSIVE;
				CLANG_WARN_UNREACHABLE_CODE = YES;
				CLANG_WARN__DUPLICATE_METHOD_MATCH = YES;
				COPY_PHASE_STRIP = NO;
				DEBUG_INFORMATION_FORMAT = dwarf;
				ENABLE_STRICT_OBJC_MSGSEND = YES;
				ENABLE_TESTABILITY = YES;
				ENABLE_USER_SCRIPT_SANDBOXING = YES;
				GCC_C_LANGUAGE_STANDARD = gnu17;
				GCC_DYNAMIC_NO_PIC = NO;
				GCC_NO_COMMON_BLOCKS = YES;
				GCC_OPTIMIZATION_LEVEL = 0;
				GCC_PREPROCESSOR_DEFINITIONS = (
					"DEBUG=1",
					"$(inherited)",
				);
				GCC_WARN_64_TO_32_BIT_CONVERSION = YES;
				GCC_WARN_ABOUT_RETURN_TYPE = YES_ERROR;
				GCC_WARN_UNDECLARED_SELECTOR = YES;
				GCC_WARN_UNINITIALIZED_AUTOS = YES_AGGRESSIVE;
				GCC_WARN_UNUSED_FUNCTION = YES;
				GCC_WARN_UNUSED_VARIABLE = YES;
				IPHONEOS_DEPLOYMENT_TARGET = 17.0;
				LOCALIZATION_PREFERS_STRING_CATALOGS = YES;
				MTL_ENABLE_DEBUG_INFO = INCLUDE_SOURCE;
				MTL_FAST_MATH = YES;
				ONLY_ACTIVE_ARCH = YES;
				SDKROOT = iphoneos;
				SWIFT_ACTIVE_COMPILATION_CONDITIONS = "DEBUG $(inherited)";
				SWIFT_OPTIMIZATION_LEVEL = "-Onone";
			};
			name = Debug;
		};
		5FAE57122C25D835008ECA69 /* Release */ = {
			isa = XCBuildConfiguration;
			buildSettings = {
				ALWAYS_SEARCH_USER_PATHS = NO;
				ASSETCATALOG_COMPILER_GENERATE_SWIFT_ASSET_SYMBOL_EXTENSIONS = YES;
				CLANG_ANALYZER_NONNULL = YES;
				CLANG_ANALYZER_NUMBER_OBJECT_CONVERSION = YES_AGGRESSIVE;
				CLANG_CXX_LANGUAGE_STANDARD = "gnu++20";
				CLANG_ENABLE_MODULES = YES;
				CLANG_ENABLE_OBJC_ARC = YES;
				CLANG_ENABLE_OBJC_WEAK = YES;
				CLANG_WARN_BLOCK_CAPTURE_AUTORELEASING = YES;
				CLANG_WARN_BOOL_CONVERSION = YES;
				CLANG_WARN_COMMA = YES;
				CLANG_WARN_CONSTANT_CONVERSION = YES;
				CLANG_WARN_DEPRECATED_OBJC_IMPLEMENTATIONS = YES;
				CLANG_WARN_DIRECT_OBJC_ISA_USAGE = YES_ERROR;
				CLANG_WARN_DOCUMENTATION_COMMENTS = YES;
				CLANG_WARN_EMPTY_BODY = YES;
				CLANG_WARN_ENUM_CONVERSION = YES;
				CLANG_WARN_INFINITE_RECURSION = YES;
				CLANG_WARN_INT_CONVERSION = YES;
				CLANG_WARN_NON_LITERAL_NULL_CONVERSION = YES;
				CLANG_WARN_OBJC_IMPLICIT_RETAIN_SELF = YES;
				CLANG_WARN_OBJC_LITERAL_CONVERSION = YES;
				CLANG_WARN_OBJC_ROOT_CLASS = YES_ERROR;
				CLANG_WARN_QUOTED_INCLUDE_IN_FRAMEWORK_HEADER = YES;
				CLANG_WARN_RANGE_LOOP_ANALYSIS = YES;
				CLANG_WARN_STRICT_PROTOTYPES = YES;
				CLANG_WARN_SUSPICIOUS_MOVE = YES;
				CLANG_WARN_UNGUARDED_AVAILABILITY = YES_AGGRESSIVE;
				CLANG_WARN_UNREACHABLE_CODE = YES;
				CLANG_WARN__DUPLICATE_METHOD_MATCH = YES;
				COPY_PHASE_STRIP = NO;
				DEBUG_INFORMATION_FORMAT = "dwarf-with-dsym";
				ENABLE_NS_ASSERTIONS = NO;
				ENABLE_STRICT_OBJC_MSGSEND = YES;
				ENABLE_USER_SCRIPT_SANDBOXING = YES;
				GCC_C_LANGUAGE_STANDARD = gnu17;
				GCC_NO_COMMON_BLOCKS = YES;
				GCC_WARN_64_TO_32_BIT_CONVERSION = YES;
				GCC_WARN_ABOUT_RETURN_TYPE = YES_ERROR;
				GCC_WARN_UNDECLARED_SELECTOR = YES;
				GCC_WARN_UNINITIALIZED_AUTOS = YES_AGGRESSIVE;
				GCC_WARN_UNUSED_FUNCTION = YES;
				GCC_WARN_UNUSED_VARIABLE = YES;
				IPHONEOS_DEPLOYMENT_TARGET = 17.0;
				LOCALIZATION_PREFERS_STRING_CATALOGS = YES;
				MTL_ENABLE_DEBUG_INFO = NO;
				MTL_FAST_MATH = YES;
				SDKROOT = iphoneos;
				SWIFT_COMPILATION_MODE = wholemodule;
				VALIDATE_PRODUCT = YES;
			};
			name = Release;
		};
		5FAE57142C25D835008ECA69 /* Debug */ = {
			isa = XCBuildConfiguration;
			buildSettings = {
				ASSETCATALOG_COMPILER_APPICON_NAME = AppIcon;
				ASSETCATALOG_COMPILER_GLOBAL_ACCENT_COLOR_NAME = AccentColor;
				CODE_SIGN_STYLE = Automatic;
				CURRENT_PROJECT_VERSION = 1;
				DEVELOPMENT_ASSET_PATHS = "\"TodoApp/Preview Content\"";
				DEVELOPMENT_TEAM = PU9LYPLT6X;
				ENABLE_PREVIEWS = YES;
				GENERATE_INFOPLIST_FILE = YES;
				INFOPLIST_KEY_UIApplicationSceneManifest_Generation = YES;
				INFOPLIST_KEY_UIApplicationSupportsIndirectInputEvents = YES;
				INFOPLIST_KEY_UILaunchScreen_Generation = YES;
				INFOPLIST_KEY_UISupportedInterfaceOrientations_iPad = "UIInterfaceOrientationPortrait UIInterfaceOrientationPortraitUpsideDown UIInterfaceOrientationLandscapeLeft UIInterfaceOrientationLandscapeRight";
				INFOPLIST_KEY_UISupportedInterfaceOrientations_iPhone = "UIInterfaceOrientationPortrait UIInterfaceOrientationLandscapeLeft UIInterfaceOrientationLandscapeRight";
				LD_RUNPATH_SEARCH_PATHS = (
					"$(inherited)",
					"@executable_path/Frameworks",
				);
				MARKETING_VERSION = 1.0;
				PRODUCT_BUNDLE_IDENTIFIER = com.gregorygromow.TodoApp;
				PRODUCT_NAME = "$(TARGET_NAME)";
				SWIFT_EMIT_LOC_STRINGS = YES;
				SWIFT_VERSION = 5.0;
				TARGETED_DEVICE_FAMILY = "1,2";
			};
			name = Debug;
		};
		5FAE57152C25D835008ECA69 /* Release */ = {
			isa = XCBuildConfiguration;
			buildSettings = {
				ASSETCATALOG_COMPILER_APPICON_NAME = AppIcon;
				ASSETCATALOG_COMPILER_GLOBAL_ACCENT_COLOR_NAME = AccentColor;
				CODE_SIGN_STYLE = Automatic;
				CURRENT_PROJECT_VERSION = 1;
				DEVELOPMENT_ASSET_PATHS = "\"TodoApp/Preview Content\"";
				DEVELOPMENT_TEAM = PU9LYPLT6X;
				ENABLE_PREVIEWS = YES;
				GENERATE_INFOPLIST_FILE = YES;
				INFOPLIST_KEY_UIApplicationSceneManifest_Generation = YES;
				INFOPLIST_KEY_UIApplicationSupportsIndirectInputEvents = YES;
				INFOPLIST_KEY_UILaunchScreen_Generation = YES;
				INFOPLIST_KEY_UISupportedInterfaceOrientations_iPad = "UIInterfaceOrientationPortrait UIInterfaceOrientationPortraitUpsideDown UIInterfaceOrientationLandscapeLeft UIInterfaceOrientationLandscapeRight";
				INFOPLIST_KEY_UISupportedInterfaceOrientations_iPhone = "UIInterfaceOrientationPortrait UIInterfaceOrientationLandscapeLeft UIInterfaceOrientationLandscapeRight";
				LD_RUNPATH_SEARCH_PATHS = (
					"$(inherited)",
					"@executable_path/Frameworks",
				);
				MARKETING_VERSION = 1.0;
				PRODUCT_BUNDLE_IDENTIFIER = com.gregorygromow.TodoApp;
				PRODUCT_NAME = "$(TARGET_NAME)";
				SWIFT_EMIT_LOC_STRINGS = YES;
				SWIFT_VERSION = 5.0;
				TARGETED_DEVICE_FAMILY = "1,2";
			};
			name = Release;
		};
		5FAE57172C25D835008ECA69 /* Debug */ = {
			isa = XCBuildConfiguration;
			buildSettings = {
				ALWAYS_EMBED_SWIFT_STANDARD_LIBRARIES = YES;
				BUNDLE_LOADER = "$(TEST_HOST)";
				CODE_SIGN_STYLE = Automatic;
				CURRENT_PROJECT_VERSION = 1;
				DEVELOPMENT_TEAM = PU9LYPLT6X;
				GENERATE_INFOPLIST_FILE = YES;
				IPHONEOS_DEPLOYMENT_TARGET = 17.0;
				MARKETING_VERSION = 1.0;
				PRODUCT_BUNDLE_IDENTIFIER = com.gregorygromow.TodoAppTests;
				PRODUCT_NAME = "$(TARGET_NAME)";
				SWIFT_EMIT_LOC_STRINGS = NO;
				SWIFT_VERSION = 5.0;
				TARGETED_DEVICE_FAMILY = "1,2";
				TEST_HOST = "$(BUILT_PRODUCTS_DIR)/TodoApp.app/$(BUNDLE_EXECUTABLE_FOLDER_PATH)/TodoApp";
			};
			name = Debug;
		};
		5FAE57182C25D835008ECA69 /* Release */ = {
			isa = XCBuildConfiguration;
			buildSettings = {
				ALWAYS_EMBED_SWIFT_STANDARD_LIBRARIES = YES;
				BUNDLE_LOADER = "$(TEST_HOST)";
				CODE_SIGN_STYLE = Automatic;
				CURRENT_PROJECT_VERSION = 1;
				DEVELOPMENT_TEAM = PU9LYPLT6X;
				GENERATE_INFOPLIST_FILE = YES;
				IPHONEOS_DEPLOYMENT_TARGET = 17.0;
				MARKETING_VERSION = 1.0;
				PRODUCT_BUNDLE_IDENTIFIER = com.gregorygromow.TodoAppTests;
				PRODUCT_NAME = "$(TARGET_NAME)";
				SWIFT_EMIT_LOC_STRINGS = NO;
				SWIFT_VERSION = 5.0;
				TARGETED_DEVICE_FAMILY = "1,2";
				TEST_HOST = "$(BUILT_PRODUCTS_DIR)/TodoApp.app/$(BUNDLE_EXECUTABLE_FOLDER_PATH)/TodoApp";
			};
			name = Release;
		};
		5FAE571A2C25D835008ECA69 /* Debug */ = {
			isa = XCBuildConfiguration;
			buildSettings = {
				ALWAYS_EMBED_SWIFT_STANDARD_LIBRARIES = YES;
				CODE_SIGN_STYLE = Automatic;
				CURRENT_PROJECT_VERSION = 1;
				DEVELOPMENT_TEAM = PU9LYPLT6X;
				GENERATE_INFOPLIST_FILE = YES;
				MARKETING_VERSION = 1.0;
				PRODUCT_BUNDLE_IDENTIFIER = com.gregorygromow.TodoAppUITests;
				PRODUCT_NAME = "$(TARGET_NAME)";
				SWIFT_EMIT_LOC_STRINGS = NO;
				SWIFT_VERSION = 5.0;
				TARGETED_DEVICE_FAMILY = "1,2";
				TEST_TARGET_NAME = TodoApp;
			};
			name = Debug;
		};
		5FAE571B2C25D835008ECA69 /* Release */ = {
			isa = XCBuildConfiguration;
			buildSettings = {
				ALWAYS_EMBED_SWIFT_STANDARD_LIBRARIES = YES;
				CODE_SIGN_STYLE = Automatic;
				CURRENT_PROJECT_VERSION = 1;
				DEVELOPMENT_TEAM = PU9LYPLT6X;
				GENERATE_INFOPLIST_FILE = YES;
				MARKETING_VERSION = 1.0;
				PRODUCT_BUNDLE_IDENTIFIER = com.gregorygromow.TodoAppUITests;
				PRODUCT_NAME = "$(TARGET_NAME)";
				SWIFT_EMIT_LOC_STRINGS = NO;
				SWIFT_VERSION = 5.0;
				TARGETED_DEVICE_FAMILY = "1,2";
				TEST_TARGET_NAME = TodoApp;
			};
			name = Release;
		};
/* End XCBuildConfiguration section */

/* Begin XCConfigurationList section */
		5FAE56EA2C25D833008ECA69 /* Build configuration list for PBXProject "TodoApp" */ = {
			isa = XCConfigurationList;
			buildConfigurations = (
				5FAE57112C25D835008ECA69 /* Debug */,
				5FAE57122C25D835008ECA69 /* Release */,
			);
			defaultConfigurationIsVisible = 0;
			defaultConfigurationName = Release;
		};
		5FAE57132C25D835008ECA69 /* Build configuration list for PBXNativeTarget "TodoApp" */ = {
			isa = XCConfigurationList;
			buildConfigurations = (
				5FAE57142C25D835008ECA69 /* Debug */,
				5FAE57152C25D835008ECA69 /* Release */,
			);
			defaultConfigurationIsVisible = 0;
			defaultConfigurationName = Release;
		};
		5FAE57162C25D835008ECA69 /* Build configuration list for PBXNativeTarget "TodoAppTests" */ = {
			isa = XCConfigurationList;
			buildConfigurations = (
				5FAE57172C25D835008ECA69 /* Debug */,
				5FAE57182C25D835008ECA69 /* Release */,
			);
			defaultConfigurationIsVisible = 0;
			defaultConfigurationName = Release;
		};
		5FAE57192C25D835008ECA69 /* Build configuration list for PBXNativeTarget "TodoAppUITests" */ = {
			isa = XCConfigurationList;
			buildConfigurations = (
				5FAE571A2C25D835008ECA69 /* Debug */,
				5FAE571B2C25D835008ECA69 /* Release */,
			);
			defaultConfigurationIsVisible = 0;
			defaultConfigurationName = Release;
		};
/* End XCConfigurationList section */
	};
	rootObject = 5FAE56E72C25D833008ECA69 /* Project object */;
}
